
Microsoft Visual Studio Solution File, Format Version 12.00
# Visual Studio Version 17
VisualStudioVersion = 17.2.32526.322
MinimumVisualStudioVersion = 10.0.40219.1
Project("{FAE04EC0-301F-11D3-BF4B-00C04F79EFBC}") = "SMPLSceneEditor", "SMPLSceneEditor.csproj", "{0EB00713-7685-48B9-98A3-D980351CF8CD}"
EndProject
Global
	GlobalSection(SolutionConfigurationPlatforms) = preSolution
		Debug|Any CPU = Debug|Any CPU
		Release|Any CPU = Release|Any CPU
	EndGlobalSection
	GlobalSection(ProjectConfigurationPlatforms) = postSolution
		{0EB00713-7685-48B9-98A3-D980351CF8CD}.Debug|Any CPU.ActiveCfg = Debug|Any CPU
		{0EB00713-7685-48B9-98A3-D980351CF8CD}.Debug|Any CPU.Build.0 = Debug|Any CPU
		{0EB00713-7685-48B9-98A3-D980351CF8CD}.Release|Any CPU.ActiveCfg = Release|Any CPU
		{0EB00713-7685-48B9-98A3-D980351CF8CD}.Release|Any CPU.Build.0 = Release|Any CPU
	EndGlobalSection
	GlobalSection(SolutionProperties) = preSolution
		HideSolutionNode = FALSE
	EndGlobalSection
	GlobalSection(ExtensibilityGlobals) = postSolution
		SolutionGuid = {B62DF937-7EB1-4187-A7FB-293963A1C2BC}
	EndGlobalSection
EndGlobal
